{
  "name": "javascript",
  "version": "1.0.0",
  "lockfileVersion": 1,
  "requires": true,
  "dependencies": {
    "@handsontable/formulajs": {
      "version": "2.0.2",
      "resolved": "file:archived-packages/@handsontable/formulajs-2.0.2-99a232309.tar",
      "integrity": "sha512-1MwImvrOaJ709cbvGVZwxSnfjjfbbcJES9hM39Ul//P7o1N4zbml86FwPCZ93wU8J+aGT6yewEGFPwpo/dxDEg== sha512-maIyMJtYjA5e/R9nyA22Qd7Yw73MBSxClJvle0a8XWAS/5l6shc/OFpQqrmwMy4IXUCmywJ9ER0gOGz/YA720w==",
      "requires": {
        "bessel": "^1.0.2",
        "jstat": "^1.9.2"
      }
    },
    "bessel": {
      "version": "1.0.2",
      "resolved": "file:archived-packages/bessel-1.0.2-025de71c6.tar",
      "integrity": "sha512-LGYstvLEnM7wkDR6rTmPXtM0+m4KOUBgK5jQh2LtYq+pBTxgriG75tDpaJuYMFWkNcIh9fv+iguMHJmahg1Fng== sha512-Al3nHGQGqDYqqinXhQzmwmcRToe/3WyBv4N8aZc5Pef8xw2neZlR9VPi84Sa23JtgWcucu18HxVZrnI0fn2etw=="
    },
    "hot-formula-parser": {
      "version": "3.0.0",
      "resolved": "file:archived-packages/hot-formula-parser-3.0.0-0872d3aec.tar",
      "integrity": "sha512-vurG8CyqofWOuevRHBxqOjeIXUnjMzt3BLywJZ3uZGaTEdtBNTHg7wVRRo/sHIqoEg0K13l5knUH6+EwMeiOXg== sha512-CHLTrsrv29it5XPcHalNO8ClcJGHefwf599MePlG5dYzxxtbPqx/qt8CkrqvxQeNA5XtkAUcxU62OFv0z2L49A==",
      "requires": {
        "@handsontable/formulajs": "^2.0.0",
        "tiny-emitter": "^2.0.1"
      }
    },
    "jstat": {
      "version": "1.9.3",
      "resolved": "file:archived-packages/jstat-1.9.3-ff624be17.tar",
      "integrity": "sha512-pg45DhpRaGGo4RT0TP9spIz2dL2yLFhcfK0GFWMe5lyVAv0vxbGe/SVE5k+nvjHm6WLQMT4rKkf+BkAQthlwrw== sha512-/2JL4Xv6xfhN2+AEKQGTYr1LZTmBCR/5fHxJVvb9zWNsmKZfKrl3wYYK8SD/Z8kXkf+ZSusfumLZ4wDTHrWujA=="
    },
    "lodash": {
      "version": "4.17.21",
      "resolved": "https://registry.npmjs.org/lodash/-/lodash-4.17.21.tgz",
      "integrity": "sha512-v2kDEe57lecTulaDIuNTPy3Ry4gLGJ6Z1O3vE1krgXZNrsQ+LFTGHVxVjcXPs17LhbZVGedAJv8XZ1tvj5FvSg=="
    },
    "tiny-emitter": {
      "version": "2.1.0",
      "resolved": "file:archived-packages/tiny-emitter-2.1.0-341e83935.tar",
      "integrity": "sha512-qyxHDnj5nomCgqyPCG4W2BXjX7Y+lGoMBPqK0bQYllxpoqd2tuNUyEkC7/cdvwLUcwkJcPrVvYAmnyUM9TPWjg== sha512-NB6Dk1A9xgQPMoGqC5CVXn123gWyte215ONT5Pp5a0yt4nlEoO1ZWeCwpncaekPHXO60i47ihFnZPiRPjRMq4Q=="
    }
  }
}
